
Microsoft Visual Studio Solution File, Format Version 12.00
# Visual Studio 15
VisualStudioVersion = 15.0.28307.1062
MinimumVisualStudioVersion = 10.0.40219.1
Project("{FAE04EC0-301F-11D3-BF4B-00C04F79EFBC}") = "Testing", "Testing\Testing.csproj", "{065300D8-844B-4A92-9F7E-3A122BA25389}"
EndProject
Global
	GlobalSection(SolutionConfigurationPlatforms) = preSolution
		Debug|Any CPU = Debug|Any CPU
		Release|Any CPU = Release|Any CPU
	EndGlobalSection
	GlobalSection(ProjectConfigurationPlatforms) = postSolution
		{065300D8-844B-4A92-9F7E-3A122BA25389}.Debug|Any CPU.ActiveCfg = Debug|Any CPU
		{065300D8-844B-4A92-9F7E-3A122BA25389}.Debug|Any CPU.Build.0 = Debug|Any CPU
		{065300D8-844B-4A92-9F7E-3A122BA25389}.Release|Any CPU.ActiveCfg = Release|Any CPU
		{065300D8-844B-4A92-9F7E-3A122BA25389}.Release|Any CPU.Build.0 = Release|Any CPU
	EndGlobalSection
	GlobalSection(SolutionProperties) = preSolution
		HideSolutionNode = FALSE
	EndGlobalSection
	GlobalSection(ExtensibilityGlobals) = postSolution
		SolutionGuid = {7E9F3822-DAAB-4170-B2EA-E9BDE2874068}
	EndGlobalSection
EndGlobal
